schema: '2.0'
stages:
  prepare:
    cmd: echo "Verificando que los datos existen..."
    deps:
    - path: data/iris_dataset.csv
      hash: md5
      md5: 1087d75ba33ead8387c3552d48554241
      size: 2831
  train:
    cmd: python train.py --n_estimators 300
    deps:
    - path: data/iris_dataset.csv
      hash: md5
      md5: 1087d75ba33ead8387c3552d48554241
      size: 2831
    - path: requirements.txt
      hash: md5
      md5: 15983d5de0372c47623f4e0609070650
      size: 99
    - path: train.py
      hash: md5
      md5: 20a0a9789b3320be30689a2c8cd29c54
      size: 2675
    params:
      params.yaml:
        train.n_estimators: 300
    outs:
    - path: confusion_matrix.png
      hash: md5
      md5: 60e730eaffcb33f0afe6a6f1ec1abaff
      size: 20648
    - path: mlflow_metrics.json
      hash: md5
      md5: c23a4b845cfcb729bc77225aaa6b5134
      size: 32
    - path: model.pkl
      hash: md5
      md5: 0db27ebc1de70cffb9678a8d8e28c32a
      size: 524193
